// !$*UTF8*$!
{
	archiveVersion = 1;
	classes = {
	};
	objectVersion = 48;
	objects = {

/* Begin PBXBuildFile section */
		2C3204432156285800010464 /* AppDelegate.swift in Sources */ = {isa = PBXBuildFile; fileRef = 2C3204422156285800010464 /* AppDelegate.swift */; };
		2C3204452156285800010464 /* FirstViewController.swift in Sources */ = {isa = PBXBuildFile; fileRef = 2C3204442156285800010464 /* FirstViewController.swift */; };
		2C32044A2156285800010464 /* Main.storyboard in Resources */ = {isa = PBXBuildFile; fileRef = 2C3204482156285800010464 /* Main.storyboard */; };
		2C32044C2156285800010464 /* Assets.xcassets in Resources */ = {isa = PBXBuildFile; fileRef = 2C32044B2156285800010464 /* Assets.xcassets */; };
		2C32044F2156285800010464 /* LaunchScreen.storyboard in Resources */ = {isa = PBXBuildFile; fileRef = 2C32044D2156285800010464 /* LaunchScreen.storyboard */; };
		2C32045A2156285800010464 /* Introduction_to_iOSTests.swift in Sources */ = {isa = PBXBuildFile; fileRef = 2C3204592156285800010464 /* Introduction_to_iOSTests.swift */; };
		2C3204652156285800010464 /* Introduction_to_iOSUITests.swift in Sources */ = {isa = PBXBuildFile; fileRef = 2C3204642156285800010464 /* Introduction_to_iOSUITests.swift */; };
		392BA1F4D3CDE9046F00AD56 /* Pods_Introduction_to_iOS.framework in Frameworks */ = {isa = PBXBuildFile; fileRef = 64849F506E5AC1B85932749F /* Pods_Introduction_to_iOS.framework */; };
		73364EF768307C3292AACA8F /* Pods_Introduction_to_iOSTests.framework in Frameworks */ = {isa = PBXBuildFile; fileRef = 04E1F3F048C408A8905D355F /* Pods_Introduction_to_iOSTests.framework */; };
		8108DBA121565A650014D343 /* TableViewController.swift in Sources */ = {isa = PBXBuildFile; fileRef = 8108DBA021565A650014D343 /* TableViewController.swift */; };
		8108DBA3215664890014D343 /* Item.swift in Sources */ = {isa = PBXBuildFile; fileRef = 8108DBA2215664890014D343 /* Item.swift */; };
		B5B5E3D806A734E91D000C91 /* Pods_Introduction_to_iOSUITests.framework in Frameworks */ = {isa = PBXBuildFile; fileRef = 3257AB4E8E562EA272128A83 /* Pods_Introduction_to_iOSUITests.framework */; };
/* End PBXBuildFile section */

/* Begin PBXContainerItemProxy section */
		2C3204562156285800010464 /* PBXContainerItemProxy */ = {
			isa = PBXContainerItemProxy;
			containerPortal = 2C3204372156285700010464 /* Project object */;
			proxyType = 1;
			remoteGlobalIDString = 2C32043E2156285700010464;
			remoteInfo = "Introduction to iOS";
		};
		2C3204612156285800010464 /* PBXContainerItemProxy */ = {
			isa = PBXContainerItemProxy;
			containerPortal = 2C3204372156285700010464 /* Project object */;
			proxyType = 1;
			remoteGlobalIDString = 2C32043E2156285700010464;
			remoteInfo = "Introduction to iOS";
		};
/* End PBXContainerItemProxy section */

/* Begin PBXFileReference section */
		04E1F3F048C408A8905D355F /* Pods_Introduction_to_iOSTests.framework */ = {isa = PBXFileReference; explicitFileType = wrapper.framework; includeInIndex = 0; path = Pods_Introduction_to_iOSTests.framework; sourceTree = BUILT_PRODUCTS_DIR; };
		1511FC6702BC67AFE6818C4E /* Pods-Introduction to iOSTests.release.xcconfig */ = {isa = PBXFileReference; includeInIndex = 1; lastKnownFileType = text.xcconfig; name = "Pods-Introduction to iOSTests.release.xcconfig"; path = "Pods/Target Support Files/Pods-Introduction to iOSTests/Pods-Introduction to iOSTests.release.xcconfig"; sourceTree = "<group>"; };
		2B593AA7E3B9EBD78F51451D /* Pods-Introduction to iOSUITests.release.xcconfig */ = {isa = PBXFileReference; includeInIndex = 1; lastKnownFileType = text.xcconfig; name = "Pods-Introduction to iOSUITests.release.xcconfig"; path = "Pods/Target Support Files/Pods-Introduction to iOSUITests/Pods-Introduction to iOSUITests.release.xcconfig"; sourceTree = "<group>"; };
		2C32043F2156285800010464 /* Introduction to iOS.app */ = {isa = PBXFileReference; explicitFileType = wrapper.application; includeInIndex = 0; path = "Introduction to iOS.app"; sourceTree = BUILT_PRODUCTS_DIR; };
		2C3204422156285800010464 /* AppDelegate.swift */ = {isa = PBXFileReference; lastKnownFileType = sourcecode.swift; path = AppDelegate.swift; sourceTree = "<group>"; };
		2C3204442156285800010464 /* FirstViewController.swift */ = {isa = PBXFileReference; lastKnownFileType = sourcecode.swift; path = FirstViewController.swift; sourceTree = "<group>"; };
		2C3204492156285800010464 /* Base */ = {isa = PBXFileReference; lastKnownFileType = file.storyboard; name = Base; path = Base.lproj/Main.storyboard; sourceTree = "<group>"; };
		2C32044B2156285800010464 /* Assets.xcassets */ = {isa = PBXFileReference; lastKnownFileType = folder.assetcatalog; path = Assets.xcassets; sourceTree = "<group>"; };
		2C32044E2156285800010464 /* Base */ = {isa = PBXFileReference; lastKnownFileType = file.storyboard; name = Base; path = Base.lproj/LaunchScreen.storyboard; sourceTree = "<group>"; };
		2C3204502156285800010464 /* Info.plist */ = {isa = PBXFileReference; lastKnownFileType = text.plist.xml; path = Info.plist; sourceTree = "<group>"; };
		2C3204552156285800010464 /* Introduction to iOSTests.xctest */ = {isa = PBXFileReference; explicitFileType = wrapper.cfbundle; includeInIndex = 0; path = "Introduction to iOSTests.xctest"; sourceTree = BUILT_PRODUCTS_DIR; };
		2C3204592156285800010464 /* Introduction_to_iOSTests.swift */ = {isa = PBXFileReference; lastKnownFileType = sourcecode.swift; path = Introduction_to_iOSTests.swift; sourceTree = "<group>"; };
		2C32045B2156285800010464 /* Info.plist */ = {isa = PBXFileReference; lastKnownFileType = text.plist.xml; path = Info.plist; sourceTree = "<group>"; };
		2C3204602156285800010464 /* Introduction to iOSUITests.xctest */ = {isa = PBXFileReference; explicitFileType = wrapper.cfbundle; includeInIndex = 0; path = "Introduction to iOSUITests.xctest"; sourceTree = BUILT_PRODUCTS_DIR; };
		2C3204642156285800010464 /* Introduction_to_iOSUITests.swift */ = {isa = PBXFileReference; lastKnownFileType = sourcecode.swift; path = Introduction_to_iOSUITests.swift; sourceTree = "<group>"; };
		2C3204662156285800010464 /* Info.plist */ = {isa = PBXFileReference; lastKnownFileType = text.plist.xml; path = Info.plist; sourceTree = "<group>"; };
		3257AB4E8E562EA272128A83 /* Pods_Introduction_to_iOSUITests.framework */ = {isa = PBXFileReference; explicitFileType = wrapper.framework; includeInIndex = 0; path = Pods_Introduction_to_iOSUITests.framework; sourceTree = BUILT_PRODUCTS_DIR; };
		4139E735B6C2559319F57583 /* Pods-Introduction to iOSUITests.debug.xcconfig */ = {isa = PBXFileReference; includeInIndex = 1; lastKnownFileType = text.xcconfig; name = "Pods-Introduction to iOSUITests.debug.xcconfig"; path = "Pods/Target Support Files/Pods-Introduction to iOSUITests/Pods-Introduction to iOSUITests.debug.xcconfig"; sourceTree = "<group>"; };
		64849F506E5AC1B85932749F /* Pods_Introduction_to_iOS.framework */ = {isa = PBXFileReference; explicitFileType = wrapper.framework; includeInIndex = 0; path = Pods_Introduction_to_iOS.framework; sourceTree = BUILT_PRODUCTS_DIR; };
		7760310BD21C2E2E884A0083 /* Pods-Introduction to iOSTests.debug.xcconfig */ = {isa = PBXFileReference; includeInIndex = 1; lastKnownFileType = text.xcconfig; name = "Pods-Introduction to iOSTests.debug.xcconfig"; path = "Pods/Target Support Files/Pods-Introduction to iOSTests/Pods-Introduction to iOSTests.debug.xcconfig"; sourceTree = "<group>"; };
		8108DBA021565A650014D343 /* TableViewController.swift */ = {isa = PBXFileReference; lastKnownFileType = sourcecode.swift; path = TableViewController.swift; sourceTree = "<group>"; };
		8108DBA2215664890014D343 /* Item.swift */ = {isa = PBXFileReference; lastKnownFileType = sourcecode.swift; path = Item.swift; sourceTree = "<group>"; };
		8640E0780587B0881EB0997B /* Pods-Introduction to iOS.release.xcconfig */ = {isa = PBXFileReference; includeInIndex = 1; lastKnownFileType = text.xcconfig; name = "Pods-Introduction to iOS.release.xcconfig"; path = "Pods/Target Support Files/Pods-Introduction to iOS/Pods-Introduction to iOS.release.xcconfig"; sourceTree = "<group>"; };
		CFEA21F93458BC1C7204AEDF /* Pods-Introduction to iOS.debug.xcconfig */ = {isa = PBXFileReference; includeInIndex = 1; lastKnownFileType = text.xcconfig; name = "Pods-Introduction to iOS.debug.xcconfig"; path = "Pods/Target Support Files/Pods-Introduction to iOS/Pods-Introduction to iOS.debug.xcconfig"; sourceTree = "<group>"; };
/* End PBXFileReference section */

/* Begin PBXFrameworksBuildPhase section */
		2C32043C2156285700010464 /* Frameworks */ = {
			isa = PBXFrameworksBuildPhase;
			buildActionMask = 2147483647;
			files = (
				392BA1F4D3CDE9046F00AD56 /* Pods_Introduction_to_iOS.framework in Frameworks */,
			);
			runOnlyForDeploymentPostprocessing = 0;
		};
		2C3204522156285800010464 /* Frameworks */ = {
			isa = PBXFrameworksBuildPhase;
			buildActionMask = 2147483647;
			files = (
				73364EF768307C3292AACA8F /* Pods_Introduction_to_iOSTests.framework in Frameworks */,
			);
			runOnlyForDeploymentPostprocessing = 0;
		};
		2C32045D2156285800010464 /* Frameworks */ = {
			isa = PBXFrameworksBuildPhase;
			buildActionMask = 2147483647;
			files = (
				B5B5E3D806A734E91D000C91 /* Pods_Introduction_to_iOSUITests.framework in Frameworks */,
			);
			runOnlyForDeploymentPostprocessing = 0;
		};
/* End PBXFrameworksBuildPhase section */

/* Begin PBXGroup section */
		2C3204362156285700010464 = {
			isa = PBXGroup;
			children = (
				2C3204412156285800010464 /* Introduction to iOS */,
				2C3204582156285800010464 /* Introduction to iOSTests */,
				2C3204632156285800010464 /* Introduction to iOSUITests */,
				2C3204402156285800010464 /* Products */,
				E0C5B7349F3EC4F2CC5788CB /* Pods */,
				578C58AE345BBA116EA4B00B /* Frameworks */,
			);
			sourceTree = "<group>";
			usesTabs = 1;
		};
		2C3204402156285800010464 /* Products */ = {
			isa = PBXGroup;
			children = (
				2C32043F2156285800010464 /* Introduction to iOS.app */,
				2C3204552156285800010464 /* Introduction to iOSTests.xctest */,
				2C3204602156285800010464 /* Introduction to iOSUITests.xctest */,
			);
			name = Products;
			sourceTree = "<group>";
		};
		2C3204412156285800010464 /* Introduction to iOS */ = {
			isa = PBXGroup;
			children = (
				2C3204422156285800010464 /* AppDelegate.swift */,
				8108DBA5215664BA0014D343 /* Controller */,
				8108DBA6215664CB0014D343 /* View */,
				8108DBA4215664930014D343 /* Data Model */,
				8108DBA8215665160014D343 /* Supporting Files */,
				2C3204502156285800010464 /* Info.plist */,
			);
			path = "Introduction to iOS";
			sourceTree = "<group>";
		};
		2C3204582156285800010464 /* Introduction to iOSTests */ = {
			isa = PBXGroup;
			children = (
				2C3204592156285800010464 /* Introduction_to_iOSTests.swift */,
				2C32045B2156285800010464 /* Info.plist */,
			);
			path = "Introduction to iOSTests";
			sourceTree = "<group>";
		};
		2C3204632156285800010464 /* Introduction to iOSUITests */ = {
			isa = PBXGroup;
			children = (
				2C3204642156285800010464 /* Introduction_to_iOSUITests.swift */,
				2C3204662156285800010464 /* Info.plist */,
			);
			path = "Introduction to iOSUITests";
			sourceTree = "<group>";
		};
		578C58AE345BBA116EA4B00B /* Frameworks */ = {
			isa = PBXGroup;
			children = (
				64849F506E5AC1B85932749F /* Pods_Introduction_to_iOS.framework */,
				04E1F3F048C408A8905D355F /* Pods_Introduction_to_iOSTests.framework */,
				3257AB4E8E562EA272128A83 /* Pods_Introduction_to_iOSUITests.framework */,
			);
			name = Frameworks;
			sourceTree = "<group>";
		};
		8108DBA4215664930014D343 /* Data Model */ = {
			isa = PBXGroup;
			children = (
				8108DBA2215664890014D343 /* Item.swift */,
			);
			path = "Data Model";
			sourceTree = "<group>";
		};
		8108DBA5215664BA0014D343 /* Controller */ = {
			isa = PBXGroup;
			children = (
				2C3204442156285800010464 /* FirstViewController.swift */,
				8108DBA021565A650014D343 /* TableViewController.swift */,
			);
			path = Controller;
			sourceTree = "<group>";
		};
		8108DBA6215664CB0014D343 /* View */ = {
			isa = PBXGroup;
			children = (
				2C3204482156285800010464 /* Main.storyboard */,
			);
			path = View;
			sourceTree = "<group>";
		};
		8108DBA8215665160014D343 /* Supporting Files */ = {
			isa = PBXGroup;
			children = (
				2C32044B2156285800010464 /* Assets.xcassets */,
				2C32044D2156285800010464 /* LaunchScreen.storyboard */,
			);
			path = "Supporting Files";
			sourceTree = "<group>";
		};
		E0C5B7349F3EC4F2CC5788CB /* Pods */ = {
			isa = PBXGroup;
			children = (
				CFEA21F93458BC1C7204AEDF /* Pods-Introduction to iOS.debug.xcconfig */,
				8640E0780587B0881EB0997B /* Pods-Introduction to iOS.release.xcconfig */,
				7760310BD21C2E2E884A0083 /* Pods-Introduction to iOSTests.debug.xcconfig */,
				1511FC6702BC67AFE6818C4E /* Pods-Introduction to iOSTests.release.xcconfig */,
				4139E735B6C2559319F57583 /* Pods-Introduction to iOSUITests.debug.xcconfig */,
				2B593AA7E3B9EBD78F51451D /* Pods-Introduction to iOSUITests.release.xcconfig */,
			);
			name = Pods;
			sourceTree = "<group>";
		};
/* End PBXGroup section */

/* Begin PBXNativeTarget section */
		2C32043E2156285700010464 /* Introduction to iOS */ = {
			isa = PBXNativeTarget;
			buildConfigurationList = 2C3204692156285800010464 /* Build configuration list for PBXNativeTarget "Introduction to iOS" */;
			buildPhases = (
				0788B09B63A7291B05CB3C64 /* [CP] Check Pods Manifest.lock */,
				2C32043B2156285700010464 /* Sources */,
				2C32043C2156285700010464 /* Frameworks */,
				2C32043D2156285700010464 /* Resources */,
			);
			buildRules = (
			);
			dependencies = (
			);
			name = "Introduction to iOS";
			productName = "Introduction to iOS";
			productReference = 2C32043F2156285800010464 /* Introduction to iOS.app */;
			productType = "com.apple.product-type.application";
		};
		2C3204542156285800010464 /* Introduction to iOSTests */ = {
			isa = PBXNativeTarget;
			buildConfigurationList = 2C32046C2156285800010464 /* Build configuration list for PBXNativeTarget "Introduction to iOSTests" */;
			buildPhases = (
				A75CA876B537AD81C4F3AAC7 /* [CP] Check Pods Manifest.lock */,
				2C3204512156285800010464 /* Sources */,
				2C3204522156285800010464 /* Frameworks */,
				2C3204532156285800010464 /* Resources */,
			);
			buildRules = (
			);
			dependencies = (
				2C3204572156285800010464 /* PBXTargetDependency */,
			);
			name = "Introduction to iOSTests";
			productName = "Introduction to iOSTests";
			productReference = 2C3204552156285800010464 /* Introduction to iOSTests.xctest */;
			productType = "com.apple.product-type.bundle.unit-test";
		};
		2C32045F2156285800010464 /* Introduction to iOSUITests */ = {
			isa = PBXNativeTarget;
			buildConfigurationList = 2C32046F2156285800010464 /* Build configuration list for PBXNativeTarget "Introduction to iOSUITests" */;
			buildPhases = (
				1136EC00C9B6A51C2A1759D8 /* [CP] Check Pods Manifest.lock */,
				2C32045C2156285800010464 /* Sources */,
				2C32045D2156285800010464 /* Frameworks */,
				2C32045E2156285800010464 /* Resources */,
			);
			buildRules = (
			);
			dependencies = (
				2C3204622156285800010464 /* PBXTargetDependency */,
			);
			name = "Introduction to iOSUITests";
			productName = "Introduction to iOSUITests";
			productReference = 2C3204602156285800010464 /* Introduction to iOSUITests.xctest */;
			productType = "com.apple.product-type.bundle.ui-testing";
		};
/* End PBXNativeTarget section */

/* Begin PBXProject section */
		2C3204372156285700010464 /* Project object */ = {
			isa = PBXProject;
			attributes = {
				LastSwiftUpdateCheck = 0920;
				LastUpgradeCheck = 0920;
				ORGANIZATIONNAME = "Alina FESYK";
				TargetAttributes = {
					2C32043E2156285700010464 = {
						CreatedOnToolsVersion = 9.2;
						ProvisioningStyle = Automatic;
					};
					2C3204542156285800010464 = {
						CreatedOnToolsVersion = 9.2;
						ProvisioningStyle = Automatic;
						TestTargetID = 2C32043E2156285700010464;
					};
					2C32045F2156285800010464 = {
						CreatedOnToolsVersion = 9.2;
						ProvisioningStyle = Automatic;
						TestTargetID = 2C32043E2156285700010464;
					};
				};
			};
			buildConfigurationList = 2C32043A2156285700010464 /* Build configuration list for PBXProject "Introduction to iOS" */;
			compatibilityVersion = "Xcode 8.0";
			developmentRegion = en;
			hasScannedForEncodings = 0;
			knownRegions = (
				en,
				Base,
			);
			mainGroup = 2C3204362156285700010464;
			productRefGroup = 2C3204402156285800010464 /* Products */;
			projectDirPath = "";
			projectRoot = "";
			targets = (
				2C32043E2156285700010464 /* Introduction to iOS */,
				2C3204542156285800010464 /* Introduction to iOSTests */,
				2C32045F2156285800010464 /* Introduction to iOSUITests */,
			);
		};
/* End PBXProject section */

/* Begin PBXResourcesBuildPhase section */
		2C32043D2156285700010464 /* Resources */ = {
			isa = PBXResourcesBuildPhase;
			buildActionMask = 2147483647;
			files = (
				2C32044F2156285800010464 /* LaunchScreen.storyboard in Resources */,
				2C32044C2156285800010464 /* Assets.xcassets in Resources */,
				2C32044A2156285800010464 /* Main.storyboard in Resources */,
			);
			runOnlyForDeploymentPostprocessing = 0;
		};
		2C3204532156285800010464 /* Resources */ = {
			isa = PBXResourcesBuildPhase;
			buildActionMask = 2147483647;
			files = (
			);
			runOnlyForDeploymentPostprocessing = 0;
		};
		2C32045E2156285800010464 /* Resources */ = {
			isa = PBXResourcesBuildPhase;
			buildActionMask = 2147483647;
			files = (
			);
			runOnlyForDeploymentPostprocessing = 0;
		};
/* End PBXResourcesBuildPhase section */

/* Begin PBXShellScriptBuildPhase section */
		0788B09B63A7291B05CB3C64 /* [CP] Check Pods Manifest.lock */ = {
			isa = PBXShellScriptBuildPhase;
			buildActionMask = 2147483647;
			files = (
			);
			inputPaths = (
				"${PODS_PODFILE_DIR_PATH}/Podfile.lock",
				"${PODS_ROOT}/Manifest.lock",
			);
			name = "[CP] Check Pods Manifest.lock";
			outputPaths = (
				"$(DERIVED_FILE_DIR)/Pods-Introduction to iOS-checkManifestLockResult.txt",
			);
			runOnlyForDeploymentPostprocessing = 0;
			shellPath = /bin/sh;
			shellScript = "diff \"${PODS_PODFILE_DIR_PATH}/Podfile.lock\" \"${PODS_ROOT}/Manifest.lock\" > /dev/null\nif [ $? != 0 ] ; then\n    # print error to STDERR\n    echo \"error: The sandbox is not in sync with the Podfile.lock. Run 'pod install' or update your CocoaPods installation.\" >&2\n    exit 1\nfi\n# This output is used by Xcode 'outputs' to avoid re-running this script phase.\necho \"SUCCESS\" > \"${SCRIPT_OUTPUT_FILE_0}\"\n";
			showEnvVarsInLog = 0;
		};
		1136EC00C9B6A51C2A1759D8 /* [CP] Check Pods Manifest.lock */ = {
			isa = PBXShellScriptBuildPhase;
			buildActionMask = 2147483647;
			files = (
			);
			inputPaths = (
				"${PODS_PODFILE_DIR_PATH}/Podfile.lock",
				"${PODS_ROOT}/Manifest.lock",
			);
			name = "[CP] Check Pods Manifest.lock";
			outputPaths = (
				"$(DERIVED_FILE_DIR)/Pods-Introduction to iOSUITests-checkManifestLockResult.txt",
			);
			runOnlyForDeploymentPostprocessing = 0;
			shellPath = /bin/sh;
			shellScript = "diff \"${PODS_PODFILE_DIR_PATH}/Podfile.lock\" \"${PODS_ROOT}/Manifest.lock\" > /dev/null\nif [ $? != 0 ] ; then\n    # print error to STDERR\n    echo \"error: The sandbox is not in sync with the Podfile.lock. Run 'pod install' or update your CocoaPods installation.\" >&2\n    exit 1\nfi\n# This output is used by Xcode 'outputs' to avoid re-running this script phase.\necho \"SUCCESS\" > \"${SCRIPT_OUTPUT_FILE_0}\"\n";
			showEnvVarsInLog = 0;
		};
		A75CA876B537AD81C4F3AAC7 /* [CP] Check Pods Manifest.lock */ = {
			isa = PBXShellScriptBuildPhase;
			buildActionMask = 2147483647;
			files = (
			);
			inputPaths = (
				"${PODS_PODFILE_DIR_PATH}/Podfile.lock",
				"${PODS_ROOT}/Manifest.lock",
			);
			name = "[CP] Check Pods Manifest.lock";
			outputPaths = (
				"$(DERIVED_FILE_DIR)/Pods-Introduction to iOSTests-checkManifestLockResult.txt",
			);
			runOnlyForDeploymentPostprocessing = 0;
			shellPath = /bin/sh;
			shellScript = "diff \"${PODS_PODFILE_DIR_PATH}/Podfile.lock\" \"${PODS_ROOT}/Manifest.lock\" > /dev/null\nif [ $? != 0 ] ; then\n    # print error to STDERR\n    echo \"error: The sandbox is not in sync with the Podfile.lock. Run 'pod install' or update your CocoaPods installation.\" >&2\n    exit 1\nfi\n# This output is used by Xcode 'outputs' to avoid re-running this script phase.\necho \"SUCCESS\" > \"${SCRIPT_OUTPUT_FILE_0}\"\n";
			showEnvVarsInLog = 0;
		};
/* End PBXShellScriptBuildPhase section */

/* Begin PBXSourcesBuildPhase section */
		2C32043B2156285700010464 /* Sources */ = {
			isa = PBXSourcesBuildPhase;
			buildActionMask = 2147483647;
			files = (
				8108DBA3215664890014D343 /* Item.swift in Sources */,
				2C3204432156285800010464 /* AppDelegate.swift in Sources */,
				2C3204452156285800010464 /* FirstViewController.swift in Sources */,
				8108DBA121565A650014D343 /* TableViewController.swift in Sources */,
			);
			runOnlyForDeploymentPostprocessing = 0;
		};
		2C3204512156285800010464 /* Sources */ = {
			isa = PBXSourcesBuildPhase;
			buildActionMask = 2147483647;
			files = (
				2C32045A2156285800010464 /* Introduction_to_iOSTests.swift in Sources */,
			);
			runOnlyForDeploymentPostprocessing = 0;
		};
		2C32045C2156285800010464 /* Sources */ = {
			isa = PBXSourcesBuildPhase;
			buildActionMask = 2147483647;
			files = (
				2C3204652156285800010464 /* Introduction_to_iOSUITests.swift in Sources */,
			);
			runOnlyForDeploymentPostprocessing = 0;
		};
/* End PBXSourcesBuildPhase section */

/* Begin PBXTargetDependency section */
		2C3204572156285800010464 /* PBXTargetDependency */ = {
			isa = PBXTargetDependency;
			target = 2C32043E2156285700010464 /* Introduction to iOS */;
			targetProxy = 2C3204562156285800010464 /* PBXContainerItemProxy */;
		};
		2C3204622156285800010464 /* PBXTargetDependency */ = {
			isa = PBXTargetDependency;
			target = 2C32043E2156285700010464 /* Introduction to iOS */;
			targetProxy = 2C3204612156285800010464 /* PBXContainerItemProxy */;
		};
/* End PBXTargetDependency section */

/* Begin PBXVariantGroup section */
		2C3204482156285800010464 /* Main.storyboard */ = {
			isa = PBXVariantGroup;
			children = (
				2C3204492156285800010464 /* Base */,
			);
			name = Main.storyboard;
			sourceTree = "<group>";
		};
		2C32044D2156285800010464 /* LaunchScreen.storyboard */ = {
			isa = PBXVariantGroup;
			children = (
				2C32044E2156285800010464 /* Base */,
			);
			name = LaunchScreen.storyboard;
			sourceTree = "<group>";
		};
/* End PBXVariantGroup section */

/* Begin XCBuildConfiguration section */
		2C3204672156285800010464 /* Debug */ = {
			isa = XCBuildConfiguration;
			buildSettings = {
				ALWAYS_SEARCH_USER_PATHS = NO;
				CLANG_ANALYZER_NONNULL = YES;
				CLANG_ANALYZER_NUMBER_OBJECT_CONVERSION = YES_AGGRESSIVE;
				CLANG_CXX_LANGUAGE_STANDARD = "gnu++14";
				CLANG_CXX_LIBRARY = "libc++";
				CLANG_ENABLE_MODULES = YES;
				CLANG_ENABLE_OBJC_ARC = YES;
				CLANG_WARN_BLOCK_CAPTURE_AUTORELEASING = YES;
				CLANG_WARN_BOOL_CONVERSION = YES;
				CLANG_WARN_COMMA = YES;
				CLANG_WARN_CONSTANT_CONVERSION = YES;
				CLANG_WARN_DIRECT_OBJC_ISA_USAGE = YES_ERROR;
				CLANG_WARN_DOCUMENTATION_COMMENTS = YES;
				CLANG_WARN_EMPTY_BODY = YES;
				CLANG_WARN_ENUM_CONVERSION = YES;
				CLANG_WARN_INFINITE_RECURSION = YES;
				CLANG_WARN_INT_CONVERSION = YES;
				CLANG_WARN_NON_LITERAL_NULL_CONVERSION = YES;
				CLANG_WARN_OBJC_LITERAL_CONVERSION = YES;
				CLANG_WARN_OBJC_ROOT_CLASS = YES_ERROR;
				CLANG_WARN_RANGE_LOOP_ANALYSIS = YES;
				CLANG_WARN_STRICT_PROTOTYPES = YES;
				CLANG_WARN_SUSPICIOUS_MOVE = YES;
				CLANG_WARN_UNGUARDED_AVAILABILITY = YES_AGGRESSIVE;
				CLANG_WARN_UNREACHABLE_CODE = YES;
				CLANG_WARN__DUPLICATE_METHOD_MATCH = YES;
				CODE_SIGN_IDENTITY = "iPhone Developer";
				COPY_PHASE_STRIP = NO;
				DEBUG_INFORMATION_FORMAT = dwarf;
				ENABLE_STRICT_OBJC_MSGSEND = YES;
				ENABLE_TESTABILITY = YES;
				GCC_C_LANGUAGE_STANDARD = gnu11;
				GCC_DYNAMIC_NO_PIC = NO;
				GCC_NO_COMMON_BLOCKS = YES;
				GCC_OPTIMIZATION_LEVEL = 0;
				GCC_PREPROCESSOR_DEFINITIONS = (
					"DEBUG=1",
					"$(inherited)",
				);
				GCC_WARN_64_TO_32_BIT_CONVERSION = YES;
				GCC_WARN_ABOUT_RETURN_TYPE = YES_ERROR;
				GCC_WARN_UNDECLARED_SELECTOR = YES;
				GCC_WARN_UNINITIALIZED_AUTOS = YES_AGGRESSIVE;
				GCC_WARN_UNUSED_FUNCTION = YES;
				GCC_WARN_UNUSED_VARIABLE = YES;
				IPHONEOS_DEPLOYMENT_TARGET = 11.2;
				MTL_ENABLE_DEBUG_INFO = YES;
				ONLY_ACTIVE_ARCH = YES;
				SDKROOT = iphoneos;
				SWIFT_ACTIVE_COMPILATION_CONDITIONS = DEBUG;
				SWIFT_OPTIMIZATION_LEVEL = "-Onone";
			};
			name = Debug;
		};
		2C3204682156285800010464 /* Release */ = {
			isa = XCBuildConfiguration;
			buildSettings = {
				ALWAYS_SEARCH_USER_PATHS = NO;
				CLANG_ANALYZER_NONNULL = YES;
				CLANG_ANALYZER_NUMBER_OBJECT_CONVERSION = YES_AGGRESSIVE;
				CLANG_CXX_LANGUAGE_STANDARD = "gnu++14";
				CLANG_CXX_LIBRARY = "libc++";
				CLANG_ENABLE_MODULES = YES;
				CLANG_ENABLE_OBJC_ARC = YES;
				CLANG_WARN_BLOCK_CAPTURE_AUTORELEASING = YES;
				CLANG_WARN_BOOL_CONVERSION = YES;
				CLANG_WARN_COMMA = YES;
				CLANG_WARN_CONSTANT_CONVERSION = YES;
				CLANG_WARN_DIRECT_OBJC_ISA_USAGE = YES_ERROR;
				CLANG_WARN_DOCUMENTATION_COMMENTS = YES;
				CLANG_WARN_EMPTY_BODY = YES;
				CLANG_WARN_ENUM_CONVERSION = YES;
				CLANG_WARN_INFINITE_RECURSION = YES;
				CLANG_WARN_INT_CONVERSION = YES;
				CLANG_WARN_NON_LITERAL_NULL_CONVERSION = YES;
				CLANG_WARN_OBJC_LITERAL_CONVERSION = YES;
				CLANG_WARN_OBJC_ROOT_CLASS = YES_ERROR;
				CLANG_WARN_RANGE_LOOP_ANALYSIS = YES;
				CLANG_WARN_STRICT_PROTOTYPES = YES;
				CLANG_WARN_SUSPICIOUS_MOVE = YES;
				CLANG_WARN_UNGUARDED_AVAILABILITY = YES_AGGRESSIVE;
				CLANG_WARN_UNREACHABLE_CODE = YES;
				CLANG_WARN__DUPLICATE_METHOD_MATCH = YES;
				CODE_SIGN_IDENTITY = "iPhone Developer";
				COPY_PHASE_STRIP = NO;
				DEBUG_INFORMATION_FORMAT = "dwarf-with-dsym";
				ENABLE_NS_ASSERTIONS = NO;
				ENABLE_STRICT_OBJC_MSGSEND = YES;
				GCC_C_LANGUAGE_STANDARD = gnu11;
				GCC_NO_COMMON_BLOCKS = YES;
				GCC_WARN_64_TO_32_BIT_CONVERSION = YES;
				GCC_WARN_ABOUT_RETURN_TYPE = YES_ERROR;
				GCC_WARN_UNDECLARED_SELECTOR = YES;
				GCC_WARN_UNINITIALIZED_AUTOS = YES_AGGRESSIVE;
				GCC_WARN_UNUSED_FUNCTION = YES;
				GCC_WARN_UNUSED_VARIABLE = YES;
				IPHONEOS_DEPLOYMENT_TARGET = 11.2;
				MTL_ENABLE_DEBUG_INFO = NO;
				SDKROOT = iphoneos;
				SWIFT_OPTIMIZATION_LEVEL = "-Owholemodule";
				VALIDATE_PRODUCT = YES;
			};
			name = Release;
		};
		2C32046A2156285800010464 /* Debug */ = {
			isa = XCBuildConfiguration;
			baseConfigurationReference = CFEA21F93458BC1C7204AEDF /* Pods-Introduction to iOS.debug.xcconfig */;
			buildSettings = {
				ASSETCATALOG_COMPILER_APPICON_NAME = AppIcon;
				"CODE_SIGN_IDENTITY[sdk=iphoneos*]" = "iPhone Developer";
				CODE_SIGN_STYLE = Automatic;
				DEVELOPMENT_TEAM = "";
				INFOPLIST_FILE = "Introduction to iOS/Info.plist";
				LD_RUNPATH_SEARCH_PATHS = "$(inherited) @executable_path/Frameworks";
				PRODUCT_BUNDLE_IDENTIFIER = "UNIT-Factory.Introduction-to-iOS";
				PRODUCT_NAME = "$(TARGET_NAME)";
				PROVISIONING_PROFILE_SPECIFIER = "";
				SWIFT_VERSION = 4.0;
				TARGETED_DEVICE_FAMILY = "1,2";
			};
			name = Debug;
		};
		2C32046B2156285800010464 /* Release */ = {
			isa = XCBuildConfiguration;
			baseConfigurationReference = 8640E0780587B0881EB0997B /* Pods-Introduction to iOS.release.xcconfig */;
			buildSettings = {
				ASSETCATALOG_COMPILER_APPICON_NAME = AppIcon;
				"CODE_SIGN_IDENTITY[sdk=iphoneos*]" = "iPhone Developer";
				CODE_SIGN_STYLE = Automatic;
				DEVELOPMENT_TEAM = "";
				INFOPLIST_FILE = "Introduction to iOS/Info.plist";
				LD_RUNPATH_SEARCH_PATHS = "$(inherited) @executable_path/Frameworks";
				PRODUCT_BUNDLE_IDENTIFIER = "UNIT-Factory.Introduction-to-iOS";
				PRODUCT_NAME = "$(TARGET_NAME)";
				PROVISIONING_PROFILE_SPECIFIER = "";
				SWIFT_VERSION = 4.0;
				TARGETED_DEVICE_FAMILY = "1,2";
			};
			name = Release;
		};
		2C32046D2156285800010464 /* Debug */ = {
			isa = XCBuildConfiguration;
			baseConfigurationReference = 7760310BD21C2E2E884A0083 /* Pods-Introduction to iOSTests.debug.xcconfig */;
			buildSettings = {
				ALWAYS_EMBED_SWIFT_STANDARD_LIBRARIES = YES;
				BUNDLE_LOADER = "$(TEST_HOST)";
				CODE_SIGN_STYLE = Automatic;
				INFOPLIST_FILE = "Introduction to iOSTests/Info.plist";
				LD_RUNPATH_SEARCH_PATHS = "$(inherited) @executable_path/Frameworks @loader_path/Frameworks";
				PRODUCT_BUNDLE_IDENTIFIER = "UNIT-Factory.Introduction-to-iOSTests";
				PRODUCT_NAME = "$(TARGET_NAME)";
				SWIFT_VERSION = 4.0;
				TARGETED_DEVICE_FAMILY = "1,2";
				TEST_HOST = "$(BUILT_PRODUCTS_DIR)/Introduction to iOS.app/Introduction to iOS";
			};
			name = Debug;
		};
		2C32046E2156285800010464 /* Release */ = {
			isa = XCBuildConfiguration;
			baseConfigurationReference = 1511FC6702BC67AFE6818C4E /* Pods-Introduction to iOSTests.release.xcconfig */;
			buildSettings = {
				ALWAYS_EMBED_SWIFT_STANDARD_LIBRARIES = YES;
				BUNDLE_LOADER = "$(TEST_HOST)";
				CODE_SIGN_STYLE = Automatic;
				INFOPLIST_FILE = "Introduction to iOSTests/Info.plist";
				LD_RUNPATH_SEARCH_PATHS = "$(inherited) @executable_path/Frameworks @loader_path/Frameworks";
				PRODUCT_BUNDLE_IDENTIFIER = "UNIT-Factory.Introduction-to-iOSTests";
				PRODUCT_NAME = "$(TARGET_NAME)";
				SWIFT_VERSION = 4.0;
				TARGETED_DEVICE_FAMILY = "1,2";
				TEST_HOST = "$(BUILT_PRODUCTS_DIR)/Introduction to iOS.app/Introduction to iOS";
			};
			name = Release;
		};
		2C3204702156285800010464 /* Debug */ = {
			isa = XCBuildConfiguration;
			baseConfigurationReference = 4139E735B6C2559319F57583 /* Pods-Introduction to iOSUITests.debug.xcconfig */;
			buildSettings = {
				ALWAYS_EMBED_SWIFT_STANDARD_LIBRARIES = YES;
				CODE_SIGN_STYLE = Automatic;
				INFOPLIST_FILE = "Introduction to iOSUITests/Info.plist";
				LD_RUNPATH_SEARCH_PATHS = "$(inherited) @executable_path/Frameworks @loader_path/Frameworks";
				PRODUCT_BUNDLE_IDENTIFIER = "UNIT-Factory.Introduction-to-iOSUITests";
				PRODUCT_NAME = "$(TARGET_NAME)";
				SWIFT_VERSION = 4.0;
				TARGETED_DEVICE_FAMILY = "1,2";
				TEST_TARGET_NAME = "Introduction to iOS";
			};
			name = Debug;
		};
		2C3204712156285800010464 /* Release */ = {
			isa = XCBuildConfiguration;
			baseConfigurationReference = 2B593AA7E3B9EBD78F51451D /* Pods-Introduction to iOSUITests.release.xcconfig */;
			buildSettings = {
				ALWAYS_EMBED_SWIFT_STANDARD_LIBRARIES = YES;
				CODE_SIGN_STYLE = Automatic;
				INFOPLIST_FILE = "Introduction to iOSUITests/Info.plist";
				LD_RUNPATH_SEARCH_PATHS = "$(inherited) @executable_path/Frameworks @loader_path/Frameworks";
				PRODUCT_BUNDLE_IDENTIFIER = "UNIT-Factory.Introduction-to-iOSUITests";
				PRODUCT_NAME = "$(TARGET_NAME)";
				SWIFT_VERSION = 4.0;
				TARGETED_DEVICE_FAMILY = "1,2";
				TEST_TARGET_NAME = "Introduction to iOS";
			};
			name = Release;
		};
/* End XCBuildConfiguration section */

/* Begin XCConfigurationList section */
		2C32043A2156285700010464 /* Build configuration list for PBXProject "Introduction to iOS" */ = {
			isa = XCConfigurationList;
			buildConfigurations = (
				2C3204672156285800010464 /* Debug */,
				2C3204682156285800010464 /* Release */,
			);
			defaultConfigurationIsVisible = 0;
			defaultConfigurationName = Release;
		};
		2C3204692156285800010464 /* Build configuration list for PBXNativeTarget "Introduction to iOS" */ = {
			isa = XCConfigurationList;
			buildConfigurations = (
				2C32046A2156285800010464 /* Debug */,
				2C32046B2156285800010464 /* Release */,
			);
			defaultConfigurationIsVisible = 0;
			defaultConfigurationName = Release;
		};
		2C32046C2156285800010464 /* Build configuration list for PBXNativeTarget "Introduction to iOSTests" */ = {
			isa = XCConfigurationList;
			buildConfigurations = (
				2C32046D2156285800010464 /* Debug */,
				2C32046E2156285800010464 /* Release */,
			);
			defaultConfigurationIsVisible = 0;
			defaultConfigurationName = Release;
		};
		2C32046F2156285800010464 /* Build configuration list for PBXNativeTarget "Introduction to iOSUITests" */ = {
			isa = XCConfigurationList;
			buildConfigurations = (
				2C3204702156285800010464 /* Debug */,
				2C3204712156285800010464 /* Release */,
			);
			defaultConfigurationIsVisible = 0;
			defaultConfigurationName = Release;
		};
/* End XCConfigurationList section */
	};
	rootObject = 2C3204372156285700010464 /* Project object */;
}
